
Microsoft Visual Studio Solution File, Format Version 12.00
# Visual Studio Version 17
VisualStudioVersion = 17.2.32616.157
MinimumVisualStudioVersion = 10.0.40219.1
Project("{FAE04EC0-301F-11D3-BF4B-00C04F79EFBC}") = "GameGo", "GameGo\GameGo.csproj", "{0CB1173D-CD0A-43FF-8864-75932F4D9F5E}"
EndProject
Global
	GlobalSection(SolutionConfigurationPlatforms) = preSolution
		Debug|Any CPU = Debug|Any CPU
		Release|Any CPU = Release|Any CPU
	EndGlobalSection
	GlobalSection(ProjectConfigurationPlatforms) = postSolution
		{0CB1173D-CD0A-43FF-8864-75932F4D9F5E}.Debug|Any CPU.ActiveCfg = Debug|Any CPU
		{0CB1173D-CD0A-43FF-8864-75932F4D9F5E}.Debug|Any CPU.Build.0 = Debug|Any CPU
		{0CB1173D-CD0A-43FF-8864-75932F4D9F5E}.Release|Any CPU.ActiveCfg = Release|Any CPU
		{0CB1173D-CD0A-43FF-8864-75932F4D9F5E}.Release|Any CPU.Build.0 = Release|Any CPU
	EndGlobalSection
	GlobalSection(SolutionProperties) = preSolution
		HideSolutionNode = FALSE
	EndGlobalSection
	GlobalSection(ExtensibilityGlobals) = postSolution
		SolutionGuid = {244A72A7-E578-419F-AEF6-5C2744075289}
	EndGlobalSection
EndGlobal
